        # Generated by pub. See: http://pub.dartlang.org/doc/glossary.html#lockfile
         {"packages":{"markdown":{"version":"0.4.0","source":"path","description":{"path":"/ws/dart/markdown","relative":false}},"yaml":{"version":"0.3.7+6","source":"hosted","description":"yaml"},"intl":{"version":"0.3.7+6","source":"hosted","description":"intl"},"html5lib":{"version":"0.3.3","source":"hosted","description":"html5lib"},"args":{"version":"0.3.7+6","source":"hosted","description":"args"},"csslib":{"version":"0.3.4+2","source":"hosted","description":"csslib"},"unittest":{"version":"0.3.5+1","source":"hosted","description":"unittest"},"analyzer_experimental":{"version":"0.3.7+6","source":"hosted","description":"analyzer_experimental"},"browser":{"version":"0.3.7+6","source":"hosted","description":"browser"},"source_maps":{"version":"0.3.2","source":"hosted","description":"source_maps"},"meta":{"version":"0.3.5+1","source":"hosted","description":"meta"},"logging":{"version":"0.3.7+6","source":"hosted","description":"logging"},"pathos":{"version":"0.3.7+6","source":"hosted","description":"pathos"}}}
        